
Microsoft Visual Studio Solution File, Format Version 12.00
# Visual Studio Version 17
VisualStudioVersion = 17.13.35931.197
MinimumVisualStudioVersion = 10.0.40219.1
Project("{FAE04EC0-301F-11D3-BF4B-00C04F79EFBC}") = "Models", "Models\Models.csproj", "{A71FC85B-CEC7-41E1-8641-9048CE3F0249}"
EndProject
Project("{FAE04EC0-301F-11D3-BF4B-00C04F79EFBC}") = "Database", "Database\Database.csproj", "{A024C71F-C24D-462D-913A-4F940239A59C}"
EndProject
Project("{FAE04EC0-301F-11D3-BF4B-00C04F79EFBC}") = "Auth", "Auth\Auth.csproj", "{A3E5B3D3-CBCE-440D-9ED4-8FDB0F00270C}"
EndProject
Project("{FAE04EC0-301F-11D3-BF4B-00C04F79EFBC}") = "Helpers", "Helpers\Helpers.csproj", "{4CAD9BD8-4C92-4C63-9F38-BA922794AFCD}"
EndProject
Project("{FAE04EC0-301F-11D3-BF4B-00C04F79EFBC}") = "Extensions", "Extensions\Extensions.csproj", "{8AF69AE5-215C-4D83-946A-182D2314ED36}"
EndProject
Project("{FAE04EC0-301F-11D3-BF4B-00C04F79EFBC}") = "UseCases", "UseCases\UseCases.csproj", "{2EFDC8C9-E227-4941-A3AE-0101DFC77B05}"
EndProject
Project("{FAE04EC0-301F-11D3-BF4B-00C04F79EFBC}") = "Repository", "Repository\Repository.csproj", "{CE8F3387-4CAB-64ED-80E3-18319C5DCD81}"
EndProject
Project("{FAE04EC0-301F-11D3-BF4B-00C04F79EFBC}") = "API.Test", "API.Test\API.Test.csproj", "{7348C55E-4CBF-4169-8EA9-D51AEBD6BBCF}"
EndProject
Project("{FAE04EC0-301F-11D3-BF4B-00C04F79EFBC}") = "API", "API\API.csproj", "{CBFA08EA-AECE-205F-7B85-326FD0B81BAD}"
EndProject
Global
	GlobalSection(SolutionConfigurationPlatforms) = preSolution
		Debug|Any CPU = Debug|Any CPU
		Release|Any CPU = Release|Any CPU
	EndGlobalSection
	GlobalSection(ProjectConfigurationPlatforms) = postSolution
		{A71FC85B-CEC7-41E1-8641-9048CE3F0249}.Debug|Any CPU.ActiveCfg = Debug|Any CPU
		{A71FC85B-CEC7-41E1-8641-9048CE3F0249}.Debug|Any CPU.Build.0 = Debug|Any CPU
		{A71FC85B-CEC7-41E1-8641-9048CE3F0249}.Release|Any CPU.ActiveCfg = Release|Any CPU
		{A71FC85B-CEC7-41E1-8641-9048CE3F0249}.Release|Any CPU.Build.0 = Release|Any CPU
		{A024C71F-C24D-462D-913A-4F940239A59C}.Debug|Any CPU.ActiveCfg = Debug|Any CPU
		{A024C71F-C24D-462D-913A-4F940239A59C}.Debug|Any CPU.Build.0 = Debug|Any CPU
		{A024C71F-C24D-462D-913A-4F940239A59C}.Release|Any CPU.ActiveCfg = Release|Any CPU
		{A024C71F-C24D-462D-913A-4F940239A59C}.Release|Any CPU.Build.0 = Release|Any CPU
		{A3E5B3D3-CBCE-440D-9ED4-8FDB0F00270C}.Debug|Any CPU.ActiveCfg = Debug|Any CPU
		{A3E5B3D3-CBCE-440D-9ED4-8FDB0F00270C}.Debug|Any CPU.Build.0 = Debug|Any CPU
		{A3E5B3D3-CBCE-440D-9ED4-8FDB0F00270C}.Release|Any CPU.ActiveCfg = Release|Any CPU
		{A3E5B3D3-CBCE-440D-9ED4-8FDB0F00270C}.Release|Any CPU.Build.0 = Release|Any CPU
		{4CAD9BD8-4C92-4C63-9F38-BA922794AFCD}.Debug|Any CPU.ActiveCfg = Debug|Any CPU
		{4CAD9BD8-4C92-4C63-9F38-BA922794AFCD}.Debug|Any CPU.Build.0 = Debug|Any CPU
		{4CAD9BD8-4C92-4C63-9F38-BA922794AFCD}.Release|Any CPU.ActiveCfg = Release|Any CPU
		{4CAD9BD8-4C92-4C63-9F38-BA922794AFCD}.Release|Any CPU.Build.0 = Release|Any CPU
		{8AF69AE5-215C-4D83-946A-182D2314ED36}.Debug|Any CPU.ActiveCfg = Debug|Any CPU
		{8AF69AE5-215C-4D83-946A-182D2314ED36}.Debug|Any CPU.Build.0 = Debug|Any CPU
		{8AF69AE5-215C-4D83-946A-182D2314ED36}.Release|Any CPU.ActiveCfg = Release|Any CPU
		{8AF69AE5-215C-4D83-946A-182D2314ED36}.Release|Any CPU.Build.0 = Release|Any CPU
		{2EFDC8C9-E227-4941-A3AE-0101DFC77B05}.Debug|Any CPU.ActiveCfg = Debug|Any CPU
		{2EFDC8C9-E227-4941-A3AE-0101DFC77B05}.Debug|Any CPU.Build.0 = Debug|Any CPU
		{2EFDC8C9-E227-4941-A3AE-0101DFC77B05}.Release|Any CPU.ActiveCfg = Release|Any CPU
		{2EFDC8C9-E227-4941-A3AE-0101DFC77B05}.Release|Any CPU.Build.0 = Release|Any CPU
		{CE8F3387-4CAB-64ED-80E3-18319C5DCD81}.Debug|Any CPU.ActiveCfg = Debug|Any CPU
		{CE8F3387-4CAB-64ED-80E3-18319C5DCD81}.Debug|Any CPU.Build.0 = Debug|Any CPU
		{CE8F3387-4CAB-64ED-80E3-18319C5DCD81}.Release|Any CPU.ActiveCfg = Release|Any CPU
		{CE8F3387-4CAB-64ED-80E3-18319C5DCD81}.Release|Any CPU.Build.0 = Release|Any CPU
		{7348C55E-4CBF-4169-8EA9-D51AEBD6BBCF}.Debug|Any CPU.ActiveCfg = Debug|Any CPU
		{7348C55E-4CBF-4169-8EA9-D51AEBD6BBCF}.Debug|Any CPU.Build.0 = Debug|Any CPU
		{7348C55E-4CBF-4169-8EA9-D51AEBD6BBCF}.Release|Any CPU.ActiveCfg = Release|Any CPU
		{7348C55E-4CBF-4169-8EA9-D51AEBD6BBCF}.Release|Any CPU.Build.0 = Release|Any CPU
		{CBFA08EA-AECE-205F-7B85-326FD0B81BAD}.Debug|Any CPU.ActiveCfg = Debug|Any CPU
		{CBFA08EA-AECE-205F-7B85-326FD0B81BAD}.Debug|Any CPU.Build.0 = Debug|Any CPU
		{CBFA08EA-AECE-205F-7B85-326FD0B81BAD}.Release|Any CPU.ActiveCfg = Release|Any CPU
		{CBFA08EA-AECE-205F-7B85-326FD0B81BAD}.Release|Any CPU.Build.0 = Release|Any CPU
	EndGlobalSection
	GlobalSection(SolutionProperties) = preSolution
		HideSolutionNode = FALSE
	EndGlobalSection
	GlobalSection(ExtensibilityGlobals) = postSolution
		SolutionGuid = {618C864F-630B-4851-BB66-AB9B739493CC}
	EndGlobalSection
EndGlobal
